<Solution>
  <Folder Name="/src/">
    <Project Path="src/Auralis.Control/Auralis.Control.csproj" />
    <Project Path="src/Auralis.Core/Auralis.Core.csproj" />
    <Project Path="src/Auralis.Output/Auralis.Output.csproj" />
    <Project Path="src/Auralis.Protocol/Auralis.Protocol.csproj" />
    <Project Path="src/Auralis.Shared/Auralis.Shared.csproj" />
  </Folder>
  <Folder Name="/tests/">
    <Project Path="tests/Auralis.Tests/Auralis.Tests.csproj" />
  </Folder>
</Solution>
